%{"cipher": {:git, "git://github.com/rubencaro/cipher.git", "b6cfd068d1ce3c2def7a21c1f14aa70d46bb6ccb", []},
  "cowboy": {:hex, :cowboy, "1.0.0"},
  "cowlib": {:hex, :cowlib, "1.0.0"},
  "emysql": {:git, "git://github.com/Eonblast/Emysql.git", "c7e2103f8b737667f0128802e8de2f0d5ed2fa5c", []},
  "jazz": {:git, "git://github.com/meh/jazz.git", "e0cf73011f64868534cd229c458e205ce04a6619", []},
  "jsex": {:git, "git://github.com/talentdeficit/jsex.git", "661ce8565aaea22aa3576d4ad5e9d11065fe60f9", []},
  "jsx": {:hex, :jsx, "2.0.4"},
  "plug": {:hex, :plug, "0.8.0"},
  "ranch": {:hex, :ranch, "1.0.0"}}
